// !$*UTF8*$!
{
	archiveVersion = 1;
	classes = {
	};
	objectVersion = 50;
	objects = {

/* Begin PBXBuildFile section */
		3824A59C24DD819E00844652 /* ContentView.swift in Sources */ = {isa = PBXBuildFile; fileRef = 384D0C0C24CF1B9B00A5B8CD /* ContentView.swift */; };
		3824A59D24DD819E00844652 /* GridView.swift in Sources */ = {isa = PBXBuildFile; fileRef = 38909F0524D75FA10075DB9D /* GridView.swift */; };
		384D0C0924CF1B9B00A5B8CD /* AppDelegate.swift in Sources */ = {isa = PBXBuildFile; fileRef = 384D0C0824CF1B9B00A5B8CD /* AppDelegate.swift */; };
		384D0C0B24CF1B9B00A5B8CD /* SceneDelegate.swift in Sources */ = {isa = PBXBuildFile; fileRef = 384D0C0A24CF1B9B00A5B8CD /* SceneDelegate.swift */; };
		384D0C0F24CF1BA200A5B8CD /* Assets.xcassets in Resources */ = {isa = PBXBuildFile; fileRef = 384D0C0E24CF1BA200A5B8CD /* Assets.xcassets */; };
		384D0C1224CF1BA200A5B8CD /* Preview Assets.xcassets in Resources */ = {isa = PBXBuildFile; fileRef = 384D0C1124CF1BA200A5B8CD /* Preview Assets.xcassets */; };
		384D0C1524CF1BA200A5B8CD /* LaunchScreen.storyboard in Resources */ = {isa = PBXBuildFile; fileRef = 384D0C1324CF1BA200A5B8CD /* LaunchScreen.storyboard */; };
		384D0C1D24CF225600A5B8CD /* MemoryGame.swift in Sources */ = {isa = PBXBuildFile; fileRef = 384D0C1C24CF225600A5B8CD /* MemoryGame.swift */; };
		384D0C1F24CF231D00A5B8CD /* EmojiMemoryGame.swift in Sources */ = {isa = PBXBuildFile; fileRef = 384D0C1E24CF231D00A5B8CD /* EmojiMemoryGame.swift */; };
		3855223724E46CE700476390 /* Themes.swift in Sources */ = {isa = PBXBuildFile; fileRef = 3855223624E46CE700476390 /* Themes.swift */; };
		388D665F24E0C57800DE4058 /* FormView.swift in Sources */ = {isa = PBXBuildFile; fileRef = 388D665E24E0C57800DE4058 /* FormView.swift */; };
		38909F0A24D769ED0075DB9D /* GridLayout.swift in Sources */ = {isa = PBXBuildFile; fileRef = 38909F0924D769ED0075DB9D /* GridLayout.swift */; };
/* End PBXBuildFile section */

/* Begin PBXFileReference section */
		384D0C0524CF1B9B00A5B8CD /* Memorize.app */ = {isa = PBXFileReference; explicitFileType = wrapper.application; includeInIndex = 0; path = Memorize.app; sourceTree = BUILT_PRODUCTS_DIR; };
		384D0C0824CF1B9B00A5B8CD /* AppDelegate.swift */ = {isa = PBXFileReference; lastKnownFileType = sourcecode.swift; path = AppDelegate.swift; sourceTree = "<group>"; };
		384D0C0A24CF1B9B00A5B8CD /* SceneDelegate.swift */ = {isa = PBXFileReference; lastKnownFileType = sourcecode.swift; path = SceneDelegate.swift; sourceTree = "<group>"; };
		384D0C0C24CF1B9B00A5B8CD /* ContentView.swift */ = {isa = PBXFileReference; lastKnownFileType = sourcecode.swift; path = ContentView.swift; sourceTree = "<group>"; };
		384D0C0E24CF1BA200A5B8CD /* Assets.xcassets */ = {isa = PBXFileReference; lastKnownFileType = folder.assetcatalog; path = Assets.xcassets; sourceTree = "<group>"; };
		384D0C1124CF1BA200A5B8CD /* Preview Assets.xcassets */ = {isa = PBXFileReference; lastKnownFileType = folder.assetcatalog; path = "Preview Assets.xcassets"; sourceTree = "<group>"; };
		384D0C1424CF1BA200A5B8CD /* Base */ = {isa = PBXFileReference; lastKnownFileType = file.storyboard; name = Base; path = Base.lproj/LaunchScreen.storyboard; sourceTree = "<group>"; };
		384D0C1624CF1BA200A5B8CD /* Info.plist */ = {isa = PBXFileReference; lastKnownFileType = text.plist.xml; path = Info.plist; sourceTree = "<group>"; };
		384D0C1C24CF225600A5B8CD /* MemoryGame.swift */ = {isa = PBXFileReference; lastKnownFileType = sourcecode.swift; path = MemoryGame.swift; sourceTree = SOURCE_ROOT; };
		384D0C1E24CF231D00A5B8CD /* EmojiMemoryGame.swift */ = {isa = PBXFileReference; lastKnownFileType = sourcecode.swift; path = EmojiMemoryGame.swift; sourceTree = "<group>"; };
		3855223624E46CE700476390 /* Themes.swift */ = {isa = PBXFileReference; lastKnownFileType = sourcecode.swift; path = Themes.swift; sourceTree = "<group>"; };
		388D665E24E0C57800DE4058 /* FormView.swift */ = {isa = PBXFileReference; lastKnownFileType = sourcecode.swift; path = FormView.swift; sourceTree = "<group>"; };
		38909F0524D75FA10075DB9D /* GridView.swift */ = {isa = PBXFileReference; lastKnownFileType = sourcecode.swift; path = GridView.swift; sourceTree = "<group>"; };
		38909F0924D769ED0075DB9D /* GridLayout.swift */ = {isa = PBXFileReference; fileEncoding = 4; lastKnownFileType = sourcecode.swift; path = GridLayout.swift; sourceTree = "<group>"; };
/* End PBXFileReference section */

/* Begin PBXFrameworksBuildPhase section */
		384D0C0224CF1B9B00A5B8CD /* Frameworks */ = {
			isa = PBXFrameworksBuildPhase;
			buildActionMask = 2147483647;
			files = (
			);
			runOnlyForDeploymentPostprocessing = 0;
		};
/* End PBXFrameworksBuildPhase section */

/* Begin PBXGroup section */
		384D0BFC24CF1B9B00A5B8CD = {
			isa = PBXGroup;
			children = (
				384D0C0724CF1B9B00A5B8CD /* Memorize */,
				384D0C0624CF1B9B00A5B8CD /* Products */,
			);
			sourceTree = "<group>";
		};
		384D0C0624CF1B9B00A5B8CD /* Products */ = {
			isa = PBXGroup;
			children = (
				384D0C0524CF1B9B00A5B8CD /* Memorize.app */,
			);
			name = Products;
			sourceTree = "<group>";
		};
		384D0C0724CF1B9B00A5B8CD /* Memorize */ = {
			isa = PBXGroup;
			children = (
				3855223524E461A100476390 /* Practice views */,
				384D0C1C24CF225600A5B8CD /* MemoryGame.swift */,
				384D0C1E24CF231D00A5B8CD /* EmojiMemoryGame.swift */,
				3855223624E46CE700476390 /* Themes.swift */,
				384D0C0824CF1B9B00A5B8CD /* AppDelegate.swift */,
				384D0C0A24CF1B9B00A5B8CD /* SceneDelegate.swift */,
				384D0C0C24CF1B9B00A5B8CD /* ContentView.swift */,
				38909F0524D75FA10075DB9D /* GridView.swift */,
				38909F0924D769ED0075DB9D /* GridLayout.swift */,
				384D0C0E24CF1BA200A5B8CD /* Assets.xcassets */,
				384D0C1324CF1BA200A5B8CD /* LaunchScreen.storyboard */,
				384D0C1624CF1BA200A5B8CD /* Info.plist */,
				384D0C1024CF1BA200A5B8CD /* Preview Content */,
			);
			path = Memorize;
			sourceTree = "<group>";
		};
		384D0C1024CF1BA200A5B8CD /* Preview Content */ = {
			isa = PBXGroup;
			children = (
				384D0C1124CF1BA200A5B8CD /* Preview Assets.xcassets */,
			);
			path = "Preview Content";
			sourceTree = "<group>";
		};
		3855223524E461A100476390 /* Practice views */ = {
			isa = PBXGroup;
			children = (
				388D665E24E0C57800DE4058 /* FormView.swift */,
			);
			path = "Practice views";
			sourceTree = "<group>";
		};
/* End PBXGroup section */

/* Begin PBXNativeTarget section */
		384D0C0424CF1B9B00A5B8CD /* Memorize */ = {
			isa = PBXNativeTarget;
			buildConfigurationList = 384D0C1924CF1BA200A5B8CD /* Build configuration list for PBXNativeTarget "Memorize" */;
			buildPhases = (
				384D0C0124CF1B9B00A5B8CD /* Sources */,
				384D0C0224CF1B9B00A5B8CD /* Frameworks */,
				384D0C0324CF1B9B00A5B8CD /* Resources */,
			);
			buildRules = (
			);
			dependencies = (
			);
			name = Memorize;
			productName = Memorize;
			productReference = 384D0C0524CF1B9B00A5B8CD /* Memorize.app */;
			productType = "com.apple.product-type.application";
		};
/* End PBXNativeTarget section */

/* Begin PBXProject section */
		384D0BFD24CF1B9B00A5B8CD /* Project object */ = {
			isa = PBXProject;
			attributes = {
				LastSwiftUpdateCheck = 1160;
				LastUpgradeCheck = 1160;
				ORGANIZATIONNAME = "Alvaro Orellana";
				TargetAttributes = {
					384D0C0424CF1B9B00A5B8CD = {
						CreatedOnToolsVersion = 11.6;
					};
				};
			};
			buildConfigurationList = 384D0C0024CF1B9B00A5B8CD /* Build configuration list for PBXProject "Memorize" */;
			compatibilityVersion = "Xcode 9.3";
			developmentRegion = en;
			hasScannedForEncodings = 0;
			knownRegions = (
				en,
				Base,
			);
			mainGroup = 384D0BFC24CF1B9B00A5B8CD;
			productRefGroup = 384D0C0624CF1B9B00A5B8CD /* Products */;
			projectDirPath = "";
			projectRoot = "";
			targets = (
				384D0C0424CF1B9B00A5B8CD /* Memorize */,
			);
		};
/* End PBXProject section */

/* Begin PBXResourcesBuildPhase section */
		384D0C0324CF1B9B00A5B8CD /* Resources */ = {
			isa = PBXResourcesBuildPhase;
			buildActionMask = 2147483647;
			files = (
				384D0C1524CF1BA200A5B8CD /* LaunchScreen.storyboard in Resources */,
				384D0C1224CF1BA200A5B8CD /* Preview Assets.xcassets in Resources */,
				384D0C0F24CF1BA200A5B8CD /* Assets.xcassets in Resources */,
			);
			runOnlyForDeploymentPostprocessing = 0;
		};
/* End PBXResourcesBuildPhase section */

/* Begin PBXSourcesBuildPhase section */
		384D0C0124CF1B9B00A5B8CD /* Sources */ = {
			isa = PBXSourcesBuildPhase;
			buildActionMask = 2147483647;
			files = (
				3824A59C24DD819E00844652 /* ContentView.swift in Sources */,
				3824A59D24DD819E00844652 /* GridView.swift in Sources */,
				384D0C0924CF1B9B00A5B8CD /* AppDelegate.swift in Sources */,
				384D0C0B24CF1B9B00A5B8CD /* SceneDelegate.swift in Sources */,
				3855223724E46CE700476390 /* Themes.swift in Sources */,
				384D0C1D24CF225600A5B8CD /* MemoryGame.swift in Sources */,
				388D665F24E0C57800DE4058 /* FormView.swift in Sources */,
				38909F0A24D769ED0075DB9D /* GridLayout.swift in Sources */,
				384D0C1F24CF231D00A5B8CD /* EmojiMemoryGame.swift in Sources */,
			);
			runOnlyForDeploymentPostprocessing = 0;
		};
/* End PBXSourcesBuildPhase section */

/* Begin PBXVariantGroup section */
		384D0C1324CF1BA200A5B8CD /* LaunchScreen.storyboard */ = {
			isa = PBXVariantGroup;
			children = (
				384D0C1424CF1BA200A5B8CD /* Base */,
			);
			name = LaunchScreen.storyboard;
			sourceTree = "<group>";
		};
/* End PBXVariantGroup section */

/* Begin XCBuildConfiguration section */
		384D0C1724CF1BA200A5B8CD /* Debug */ = {
			isa = XCBuildConfiguration;
			buildSettings = {
				ALWAYS_SEARCH_USER_PATHS = NO;
				CLANG_ANALYZER_NONNULL = YES;
				CLANG_ANALYZER_NUMBER_OBJECT_CONVERSION = YES_AGGRESSIVE;
				CLANG_CXX_LANGUAGE_STANDARD = "gnu++14";
				CLANG_CXX_LIBRARY = "libc++";
				CLANG_ENABLE_MODULES = YES;
				CLANG_ENABLE_OBJC_ARC = YES;
				CLANG_ENABLE_OBJC_WEAK = YES;
				CLANG_WARN_BLOCK_CAPTURE_AUTORELEASING = YES;
				CLANG_WARN_BOOL_CONVERSION = YES;
				CLANG_WARN_COMMA = YES;
				CLANG_WARN_CONSTANT_CONVERSION = YES;
				CLANG_WARN_DEPRECATED_OBJC_IMPLEMENTATIONS = YES;
				CLANG_WARN_DIRECT_OBJC_ISA_USAGE = YES_ERROR;
				CLANG_WARN_DOCUMENTATION_COMMENTS = YES;
				CLANG_WARN_EMPTY_BODY = YES;
				CLANG_WARN_ENUM_CONVERSION = YES;
				CLANG_WARN_INFINITE_RECURSION = YES;
				CLANG_WARN_INT_CONVERSION = YES;
				CLANG_WARN_NON_LITERAL_NULL_CONVERSION = YES;
				CLANG_WARN_OBJC_IMPLICIT_RETAIN_SELF = YES;
				CLANG_WARN_OBJC_LITERAL_CONVERSION = YES;
				CLANG_WARN_OBJC_ROOT_CLASS = YES_ERROR;
				CLANG_WARN_RANGE_LOOP_ANALYSIS = YES;
				CLANG_WARN_STRICT_PROTOTYPES = YES;
				CLANG_WARN_SUSPICIOUS_MOVE = YES;
				CLANG_WARN_UNGUARDED_AVAILABILITY = YES_AGGRESSIVE;
				CLANG_WARN_UNREACHABLE_CODE = YES;
				CLANG_WARN__DUPLICATE_METHOD_MATCH = YES;
				COPY_PHASE_STRIP = NO;
				DEBUG_INFORMATION_FORMAT = dwarf;
				ENABLE_STRICT_OBJC_MSGSEND = YES;
				ENABLE_TESTABILITY = YES;
				GCC_C_LANGUAGE_STANDARD = gnu11;
				GCC_DYNAMIC_NO_PIC = NO;
				GCC_NO_COMMON_BLOCKS = YES;
				GCC_OPTIMIZATION_LEVEL = 0;
				GCC_PREPROCESSOR_DEFINITIONS = (
					"DEBUG=1",
					"$(inherited)",
				);
				GCC_WARN_64_TO_32_BIT_CONVERSION = YES;
				GCC_WARN_ABOUT_RETURN_TYPE = YES_ERROR;
				GCC_WARN_UNDECLARED_SELECTOR = YES;
				GCC_WARN_UNINITIALIZED_AUTOS = YES_AGGRESSIVE;
				GCC_WARN_UNUSED_FUNCTION = YES;
				GCC_WARN_UNUSED_VARIABLE = YES;
				IPHONEOS_DEPLOYMENT_TARGET = 13.6;
				MTL_ENABLE_DEBUG_INFO = INCLUDE_SOURCE;
				MTL_FAST_MATH = YES;
				ONLY_ACTIVE_ARCH = YES;
				SDKROOT = iphoneos;
				SWIFT_ACTIVE_COMPILATION_CONDITIONS = DEBUG;
				SWIFT_OPTIMIZATION_LEVEL = "-Onone";
			};
			name = Debug;
		};
		384D0C1824CF1BA200A5B8CD /* Release */ = {
			isa = XCBuildConfiguration;
			buildSettings = {
				ALWAYS_SEARCH_USER_PATHS = NO;
				CLANG_ANALYZER_NONNULL = YES;
				CLANG_ANALYZER_NUMBER_OBJECT_CONVERSION = YES_AGGRESSIVE;
				CLANG_CXX_LANGUAGE_STANDARD = "gnu++14";
				CLANG_CXX_LIBRARY = "libc++";
				CLANG_ENABLE_MODULES = YES;
				CLANG_ENABLE_OBJC_ARC = YES;
				CLANG_ENABLE_OBJC_WEAK = YES;
				CLANG_WARN_BLOCK_CAPTURE_AUTORELEASING = YES;
				CLANG_WARN_BOOL_CONVERSION = YES;
				CLANG_WARN_COMMA = YES;
				CLANG_WARN_CONSTANT_CONVERSION = YES;
				CLANG_WARN_DEPRECATED_OBJC_IMPLEMENTATIONS = YES;
				CLANG_WARN_DIRECT_OBJC_ISA_USAGE = YES_ERROR;
				CLANG_WARN_DOCUMENTATION_COMMENTS = YES;
				CLANG_WARN_EMPTY_BODY = YES;
				CLANG_WARN_ENUM_CONVERSION = YES;
				CLANG_WARN_INFINITE_RECURSION = YES;
				CLANG_WARN_INT_CONVERSION = YES;
				CLANG_WARN_NON_LITERAL_NULL_CONVERSION = YES;
				CLANG_WARN_OBJC_IMPLICIT_RETAIN_SELF = YES;
				CLANG_WARN_OBJC_LITERAL_CONVERSION = YES;
				CLANG_WARN_OBJC_ROOT_CLASS = YES_ERROR;
				CLANG_WARN_RANGE_LOOP_ANALYSIS = YES;
				CLANG_WARN_STRICT_PROTOTYPES = YES;
				CLANG_WARN_SUSPICIOUS_MOVE = YES;
				CLANG_WARN_UNGUARDED_AVAILABILITY = YES_AGGRESSIVE;
				CLANG_WARN_UNREACHABLE_CODE = YES;
				CLANG_WARN__DUPLICATE_METHOD_MATCH = YES;
				COPY_PHASE_STRIP = NO;
				DEBUG_INFORMATION_FORMAT = "dwarf-with-dsym";
				ENABLE_NS_ASSERTIONS = NO;
				ENABLE_STRICT_OBJC_MSGSEND = YES;
				GCC_C_LANGUAGE_STANDARD = gnu11;
				GCC_NO_COMMON_BLOCKS = YES;
				GCC_WARN_64_TO_32_BIT_CONVERSION = YES;
				GCC_WARN_ABOUT_RETURN_TYPE = YES_ERROR;
				GCC_WARN_UNDECLARED_SELECTOR = YES;
				GCC_WARN_UNINITIALIZED_AUTOS = YES_AGGRESSIVE;
				GCC_WARN_UNUSED_FUNCTION = YES;
				GCC_WARN_UNUSED_VARIABLE = YES;
				IPHONEOS_DEPLOYMENT_TARGET = 13.6;
				MTL_ENABLE_DEBUG_INFO = NO;
				MTL_FAST_MATH = YES;
				SDKROOT = iphoneos;
				SWIFT_COMPILATION_MODE = wholemodule;
				SWIFT_OPTIMIZATION_LEVEL = "-O";
				VALIDATE_PRODUCT = YES;
			};
			name = Release;
		};
		384D0C1A24CF1BA200A5B8CD /* Debug */ = {
			isa = XCBuildConfiguration;
			buildSettings = {
				ASSETCATALOG_COMPILER_APPICON_NAME = AppIcon;
				CODE_SIGN_STYLE = Automatic;
				DEVELOPMENT_ASSET_PATHS = "\"Memorize/Preview Content\"";
				DEVELOPMENT_TEAM = YAAW455QSP;
				ENABLE_PREVIEWS = YES;
				INFOPLIST_FILE = Memorize/Info.plist;
				LD_RUNPATH_SEARCH_PATHS = (
					"$(inherited)",
					"@executable_path/Frameworks",
				);
				PRODUCT_BUNDLE_IDENTIFIER = alvaro.orellana.Memorize;
				PRODUCT_NAME = "$(TARGET_NAME)";
				SWIFT_VERSION = 5.0;
				TARGETED_DEVICE_FAMILY = "1,2";
			};
			name = Debug;
		};
		384D0C1B24CF1BA200A5B8CD /* Release */ = {
			isa = XCBuildConfiguration;
			buildSettings = {
				ASSETCATALOG_COMPILER_APPICON_NAME = AppIcon;
				CODE_SIGN_STYLE = Automatic;
				DEVELOPMENT_ASSET_PATHS = "\"Memorize/Preview Content\"";
				DEVELOPMENT_TEAM = YAAW455QSP;
				ENABLE_PREVIEWS = YES;
				INFOPLIST_FILE = Memorize/Info.plist;
				LD_RUNPATH_SEARCH_PATHS = (
					"$(inherited)",
					"@executable_path/Frameworks",
				);
				PRODUCT_BUNDLE_IDENTIFIER = alvaro.orellana.Memorize;
				PRODUCT_NAME = "$(TARGET_NAME)";
				SWIFT_VERSION = 5.0;
				TARGETED_DEVICE_FAMILY = "1,2";
			};
			name = Release;
		};
/* End XCBuildConfiguration section */

/* Begin XCConfigurationList section */
		384D0C0024CF1B9B00A5B8CD /* Build configuration list for PBXProject "Memorize" */ = {
			isa = XCConfigurationList;
			buildConfigurations = (
				384D0C1724CF1BA200A5B8CD /* Debug */,
				384D0C1824CF1BA200A5B8CD /* Release */,
			);
			defaultConfigurationIsVisible = 0;
			defaultConfigurationName = Release;
		};
		384D0C1924CF1BA200A5B8CD /* Build configuration list for PBXNativeTarget "Memorize" */ = {
			isa = XCConfigurationList;
			buildConfigurations = (
				384D0C1A24CF1BA200A5B8CD /* Debug */,
				384D0C1B24CF1BA200A5B8CD /* Release */,
			);
			defaultConfigurationIsVisible = 0;
			defaultConfigurationName = Release;
		};
/* End XCConfigurationList section */
	};
	rootObject = 384D0BFD24CF1B9B00A5B8CD /* Project object */;
}
